<Solution>
  <Project Path="src/aspnet/Mamby.AspNet.csproj" />
  <Project Path="src/dotnet/Mamby.DotNet.csproj" />
  <Project Path="src/maui/Mamby.Maui.csproj" />
  <Project Path="test/aspnet/Mamby.AspNet.Tests.csproj" />
  <Project Path="test/dotnet/Mamby.DotNet.Tests.csproj" />
  <Project Path="test/maui/Mamby.Maui.Tests.csproj" />
</Solution>
